
Microsoft Visual Studio Solution File, Format Version 12.00
# Visual Studio 15
VisualStudioVersion = 15.0.27004.2005
MinimumVisualStudioVersion = 10.0.40219.1
Project("{FAE04EC0-301F-11D3-BF4B-00C04F79EFBC}") = "Luoyi.Common", "Luoyi.Common\Luoyi.Common.csproj", "{54295B5D-88B0-446C-B7F3-367A9DD358B1}"
EndProject
Project("{FAE04EC0-301F-11D3-BF4B-00C04F79EFBC}") = "Luoyi.Entity", "Luoyi.Entity\Luoyi.Entity.csproj", "{DECDC319-8DD8-46C4-A775-5561BE20C73D}"
EndProject
Project("{FAE04EC0-301F-11D3-BF4B-00C04F79EFBC}") = "Luoyi.Web", "Luoyi.Web\Luoyi.Web.csproj", "{C985D3FA-7094-4BA7-ABF5-BF2D08C2A348}"
EndProject
Project("{FAE04EC0-301F-11D3-BF4B-00C04F79EFBC}") = "Luoyi.BLL", "Luoyi.BLL\Luoyi.BLL.csproj", "{B8D31257-60C4-4F37-8FA0-3478F796FF14}"
EndProject
Project("{FAE04EC0-301F-11D3-BF4B-00C04F79EFBC}") = "Luoyi.Config", "Luoyi.Config\Luoyi.Config.csproj", "{F076603F-4F4C-4843-ACB7-033B010469EE}"
EndProject
Project("{FAE04EC0-301F-11D3-BF4B-00C04F79EFBC}") = "Luoyi.Cache", "Luoyi.Cache\Luoyi.Cache.csproj", "{FFF5689B-F952-4A36-9CD9-BFC37ABB248A}"
EndProject
Project("{FAE04EC0-301F-11D3-BF4B-00C04F79EFBC}") = "Luoyi.JC", "Luoyi.JC\Luoyi.JC.csproj", "{81BB0F1A-2B36-436E-B6E1-9EF6EFB204DC}"
EndProject
Project("{6141683F-8A12-4E36-9623-2EB02B2C2303}") = "JCSetup", "JCSetup\JCSetup.isproj", "{7CBDF2CF-A9D7-47A2-A822-21FA8C00B5DE}"
	ProjectSection(ProjectDependencies) = postProject
		{81BB0F1A-2B36-436E-B6E1-9EF6EFB204DC} = {81BB0F1A-2B36-436E-B6E1-9EF6EFB204DC}
	EndProjectSection
EndProject
Project("{FAE04EC0-301F-11D3-BF4B-00C04F79EFBC}") = "Senparc.Weixin", "Senparc.Weixin\Senparc.Weixin.csproj", "{814092CD-9CD0-4FB7-91E8-D147F476F1FB}"
EndProject
Project("{FAE04EC0-301F-11D3-BF4B-00C04F79EFBC}") = "Senparc.Weixin.MP", "Senparc.Weixin.MP\Senparc.Weixin.MP.csproj", "{1D815FBF-451C-4E23-939C-CB80172F445C}"
EndProject
Project("{FAE04EC0-301F-11D3-BF4B-00C04F79EFBC}") = "Senparc.Weixin.Open", "Senparc.Weixin.Open\Senparc.Weixin.Open.csproj", "{54732C3D-B673-4BBF-B0C3-6432E3D6F522}"
EndProject
Project("{FAE04EC0-301F-11D3-BF4B-00C04F79EFBC}") = "Senparc.Weixin.QY", "Senparc.Weixin.QY\Senparc.Weixin.QY.csproj", "{2CA35598-F1A1-4DC9-AA20-A4346BFCB954}"
EndProject
Project("{FAE04EC0-301F-11D3-BF4B-00C04F79EFBC}") = "Senparc.Weixin.MP.Sample.CommonService", "Senparc.Weixin.MP.Sample.CommonService\Senparc.Weixin.MP.Sample.CommonService.csproj", "{CCD291E9-16FA-4B53-B032-EBD3F659567B}"
EndProject
Project("{2150E333-8FDC-42A3-9474-1A3956D46DE8}") = "dll", "dll", "{4A447F08-BCFF-47BD-848E-9E8B4880FAA6}"
	ProjectSection(SolutionItems) = preProject
		dll\ThoughtWorks.QRCode.dll = dll\ThoughtWorks.QRCode.dll
	EndProjectSection
EndProject
Project("{FAE04EC0-301F-11D3-BF4B-00C04F79EFBC}") = "Luoyi.DAL", "Luoyi.DAL\Luoyi.DAL.csproj", "{25AF5FBD-D91A-4470-83F8-F67767D1EAD3}"
EndProject
Global
	GlobalSection(SolutionConfigurationPlatforms) = preSolution
		CD_ROM|Any CPU = CD_ROM|Any CPU
		CD_ROM|x86 = CD_ROM|x86
		Debug|Any CPU = Debug|Any CPU
		Debug|x86 = Debug|x86
		DVD-5|Any CPU = DVD-5|Any CPU
		DVD-5|x86 = DVD-5|x86
		Release|Any CPU = Release|Any CPU
		Release|x86 = Release|x86
		SingleImage|Any CPU = SingleImage|Any CPU
		SingleImage|x86 = SingleImage|x86
		Test|Any CPU = Test|Any CPU
		Test|x86 = Test|x86
	EndGlobalSection
	GlobalSection(ProjectConfigurationPlatforms) = postSolution
		{54295B5D-88B0-446C-B7F3-367A9DD358B1}.CD_ROM|Any CPU.ActiveCfg = Release|Any CPU
		{54295B5D-88B0-446C-B7F3-367A9DD358B1}.CD_ROM|Any CPU.Build.0 = Release|Any CPU
		{54295B5D-88B0-446C-B7F3-367A9DD358B1}.CD_ROM|x86.ActiveCfg = Debug|Any CPU
		{54295B5D-88B0-446C-B7F3-367A9DD358B1}.Debug|Any CPU.ActiveCfg = Debug|Any CPU
		{54295B5D-88B0-446C-B7F3-367A9DD358B1}.Debug|Any CPU.Build.0 = Debug|Any CPU
		{54295B5D-88B0-446C-B7F3-367A9DD358B1}.Debug|x86.ActiveCfg = Debug|Any CPU
		{54295B5D-88B0-446C-B7F3-367A9DD358B1}.DVD-5|Any CPU.ActiveCfg = Debug|Any CPU
		{54295B5D-88B0-446C-B7F3-367A9DD358B1}.DVD-5|Any CPU.Build.0 = Debug|Any CPU
		{54295B5D-88B0-446C-B7F3-367A9DD358B1}.DVD-5|x86.ActiveCfg = Debug|Any CPU
		{54295B5D-88B0-446C-B7F3-367A9DD358B1}.Release|Any CPU.ActiveCfg = Release|Any CPU
		{54295B5D-88B0-446C-B7F3-367A9DD358B1}.Release|Any CPU.Build.0 = Release|Any CPU
		{54295B5D-88B0-446C-B7F3-367A9DD358B1}.Release|x86.ActiveCfg = Release|Any CPU
		{54295B5D-88B0-446C-B7F3-367A9DD358B1}.SingleImage|Any CPU.ActiveCfg = Release|Any CPU
		{54295B5D-88B0-446C-B7F3-367A9DD358B1}.SingleImage|Any CPU.Build.0 = Release|Any CPU
		{54295B5D-88B0-446C-B7F3-367A9DD358B1}.SingleImage|x86.ActiveCfg = Debug|Any CPU
		{54295B5D-88B0-446C-B7F3-367A9DD358B1}.Test|Any CPU.ActiveCfg = Debug|Any CPU
		{54295B5D-88B0-446C-B7F3-367A9DD358B1}.Test|Any CPU.Build.0 = Debug|Any CPU
		{54295B5D-88B0-446C-B7F3-367A9DD358B1}.Test|x86.ActiveCfg = Debug|Any CPU
		{DECDC319-8DD8-46C4-A775-5561BE20C73D}.CD_ROM|Any CPU.ActiveCfg = Release|Any CPU
		{DECDC319-8DD8-46C4-A775-5561BE20C73D}.CD_ROM|Any CPU.Build.0 = Release|Any CPU
		{DECDC319-8DD8-46C4-A775-5561BE20C73D}.CD_ROM|x86.ActiveCfg = Debug|Any CPU
		{DECDC319-8DD8-46C4-A775-5561BE20C73D}.Debug|Any CPU.ActiveCfg = Debug|Any CPU
		{DECDC319-8DD8-46C4-A775-5561BE20C73D}.Debug|Any CPU.Build.0 = Debug|Any CPU
		{DECDC319-8DD8-46C4-A775-5561BE20C73D}.Debug|x86.ActiveCfg = Debug|Any CPU
		{DECDC319-8DD8-46C4-A775-5561BE20C73D}.DVD-5|Any CPU.ActiveCfg = Debug|Any CPU
		{DECDC319-8DD8-46C4-A775-5561BE20C73D}.DVD-5|Any CPU.Build.0 = Debug|Any CPU
		{DECDC319-8DD8-46C4-A775-5561BE20C73D}.DVD-5|x86.ActiveCfg = Debug|Any CPU
		{DECDC319-8DD8-46C4-A775-5561BE20C73D}.Release|Any CPU.ActiveCfg = Release|Any CPU
		{DECDC319-8DD8-46C4-A775-5561BE20C73D}.Release|Any CPU.Build.0 = Release|Any CPU
		{DECDC319-8DD8-46C4-A775-5561BE20C73D}.Release|x86.ActiveCfg = Release|Any CPU
		{DECDC319-8DD8-46C4-A775-5561BE20C73D}.SingleImage|Any CPU.ActiveCfg = Release|Any CPU
		{DECDC319-8DD8-46C4-A775-5561BE20C73D}.SingleImage|Any CPU.Build.0 = Release|Any CPU
		{DECDC319-8DD8-46C4-A775-5561BE20C73D}.SingleImage|x86.ActiveCfg = Debug|Any CPU
		{DECDC319-8DD8-46C4-A775-5561BE20C73D}.Test|Any CPU.ActiveCfg = Debug|Any CPU
		{DECDC319-8DD8-46C4-A775-5561BE20C73D}.Test|Any CPU.Build.0 = Debug|Any CPU
		{DECDC319-8DD8-46C4-A775-5561BE20C73D}.Test|x86.ActiveCfg = Debug|Any CPU
		{C985D3FA-7094-4BA7-ABF5-BF2D08C2A348}.CD_ROM|Any CPU.ActiveCfg = Release|Any CPU
		{C985D3FA-7094-4BA7-ABF5-BF2D08C2A348}.CD_ROM|Any CPU.Build.0 = Release|Any CPU
		{C985D3FA-7094-4BA7-ABF5-BF2D08C2A348}.CD_ROM|x86.ActiveCfg = Debug|Any CPU
		{C985D3FA-7094-4BA7-ABF5-BF2D08C2A348}.Debug|Any CPU.ActiveCfg = Debug|Any CPU
		{C985D3FA-7094-4BA7-ABF5-BF2D08C2A348}.Debug|Any CPU.Build.0 = Debug|Any CPU
		{C985D3FA-7094-4BA7-ABF5-BF2D08C2A348}.Debug|x86.ActiveCfg = Debug|Any CPU
		{C985D3FA-7094-4BA7-ABF5-BF2D08C2A348}.DVD-5|Any CPU.ActiveCfg = Debug|Any CPU
		{C985D3FA-7094-4BA7-ABF5-BF2D08C2A348}.DVD-5|Any CPU.Build.0 = Debug|Any CPU
		{C985D3FA-7094-4BA7-ABF5-BF2D08C2A348}.DVD-5|x86.ActiveCfg = Debug|Any CPU
		{C985D3FA-7094-4BA7-ABF5-BF2D08C2A348}.Release|Any CPU.ActiveCfg = Release|Any CPU
		{C985D3FA-7094-4BA7-ABF5-BF2D08C2A348}.Release|Any CPU.Build.0 = Release|Any CPU
		{C985D3FA-7094-4BA7-ABF5-BF2D08C2A348}.Release|x86.ActiveCfg = Release|Any CPU
		{C985D3FA-7094-4BA7-ABF5-BF2D08C2A348}.SingleImage|Any CPU.ActiveCfg = Release|Any CPU
		{C985D3FA-7094-4BA7-ABF5-BF2D08C2A348}.SingleImage|Any CPU.Build.0 = Release|Any CPU
		{C985D3FA-7094-4BA7-ABF5-BF2D08C2A348}.SingleImage|x86.ActiveCfg = Debug|Any CPU
		{C985D3FA-7094-4BA7-ABF5-BF2D08C2A348}.Test|Any CPU.ActiveCfg = Debug|Any CPU
		{C985D3FA-7094-4BA7-ABF5-BF2D08C2A348}.Test|Any CPU.Build.0 = Debug|Any CPU
		{C985D3FA-7094-4BA7-ABF5-BF2D08C2A348}.Test|x86.ActiveCfg = Debug|Any CPU
		{B8D31257-60C4-4F37-8FA0-3478F796FF14}.CD_ROM|Any CPU.ActiveCfg = Release|Any CPU
		{B8D31257-60C4-4F37-8FA0-3478F796FF14}.CD_ROM|Any CPU.Build.0 = Release|Any CPU
		{B8D31257-60C4-4F37-8FA0-3478F796FF14}.CD_ROM|x86.ActiveCfg = Debug|Any CPU
		{B8D31257-60C4-4F37-8FA0-3478F796FF14}.Debug|Any CPU.ActiveCfg = Debug|Any CPU
		{B8D31257-60C4-4F37-8FA0-3478F796FF14}.Debug|Any CPU.Build.0 = Debug|Any CPU
		{B8D31257-60C4-4F37-8FA0-3478F796FF14}.Debug|x86.ActiveCfg = Debug|Any CPU
		{B8D31257-60C4-4F37-8FA0-3478F796FF14}.DVD-5|Any CPU.ActiveCfg = Debug|Any CPU
		{B8D31257-60C4-4F37-8FA0-3478F796FF14}.DVD-5|Any CPU.Build.0 = Debug|Any CPU
		{B8D31257-60C4-4F37-8FA0-3478F796FF14}.DVD-5|x86.ActiveCfg = Debug|Any CPU
		{B8D31257-60C4-4F37-8FA0-3478F796FF14}.Release|Any CPU.ActiveCfg = Release|Any CPU
		{B8D31257-60C4-4F37-8FA0-3478F796FF14}.Release|Any CPU.Build.0 = Release|Any CPU
		{B8D31257-60C4-4F37-8FA0-3478F796FF14}.Release|x86.ActiveCfg = Release|Any CPU
		{B8D31257-60C4-4F37-8FA0-3478F796FF14}.SingleImage|Any CPU.ActiveCfg = Release|Any CPU
		{B8D31257-60C4-4F37-8FA0-3478F796FF14}.SingleImage|Any CPU.Build.0 = Release|Any CPU
		{B8D31257-60C4-4F37-8FA0-3478F796FF14}.SingleImage|x86.ActiveCfg = Debug|Any CPU
		{B8D31257-60C4-4F37-8FA0-3478F796FF14}.Test|Any CPU.ActiveCfg = Debug|Any CPU
		{B8D31257-60C4-4F37-8FA0-3478F796FF14}.Test|Any CPU.Build.0 = Debug|Any CPU
		{B8D31257-60C4-4F37-8FA0-3478F796FF14}.Test|x86.ActiveCfg = Debug|Any CPU
		{F076603F-4F4C-4843-ACB7-033B010469EE}.CD_ROM|Any CPU.ActiveCfg = Release|Any CPU
		{F076603F-4F4C-4843-ACB7-033B010469EE}.CD_ROM|Any CPU.Build.0 = Release|Any CPU
		{F076603F-4F4C-4843-ACB7-033B010469EE}.CD_ROM|x86.ActiveCfg = Debug|Any CPU
		{F076603F-4F4C-4843-ACB7-033B010469EE}.Debug|Any CPU.ActiveCfg = Debug|Any CPU
		{F076603F-4F4C-4843-ACB7-033B010469EE}.Debug|Any CPU.Build.0 = Debug|Any CPU
		{F076603F-4F4C-4843-ACB7-033B010469EE}.Debug|x86.ActiveCfg = Debug|Any CPU
		{F076603F-4F4C-4843-ACB7-033B010469EE}.DVD-5|Any CPU.ActiveCfg = Debug|Any CPU
		{F076603F-4F4C-4843-ACB7-033B010469EE}.DVD-5|Any CPU.Build.0 = Debug|Any CPU
		{F076603F-4F4C-4843-ACB7-033B010469EE}.DVD-5|x86.ActiveCfg = Debug|Any CPU
		{F076603F-4F4C-4843-ACB7-033B010469EE}.Release|Any CPU.ActiveCfg = Release|Any CPU
		{F076603F-4F4C-4843-ACB7-033B010469EE}.Release|Any CPU.Build.0 = Release|Any CPU
		{F076603F-4F4C-4843-ACB7-033B010469EE}.Release|x86.ActiveCfg = Release|Any CPU
		{F076603F-4F4C-4843-ACB7-033B010469EE}.SingleImage|Any CPU.ActiveCfg = Release|Any CPU
		{F076603F-4F4C-4843-ACB7-033B010469EE}.SingleImage|Any CPU.Build.0 = Release|Any CPU
		{F076603F-4F4C-4843-ACB7-033B010469EE}.SingleImage|x86.ActiveCfg = Debug|Any CPU
		{F076603F-4F4C-4843-ACB7-033B010469EE}.Test|Any CPU.ActiveCfg = Debug|Any CPU
		{F076603F-4F4C-4843-ACB7-033B010469EE}.Test|Any CPU.Build.0 = Debug|Any CPU
		{F076603F-4F4C-4843-ACB7-033B010469EE}.Test|x86.ActiveCfg = Debug|Any CPU
		{FFF5689B-F952-4A36-9CD9-BFC37ABB248A}.CD_ROM|Any CPU.ActiveCfg = Release|Any CPU
		{FFF5689B-F952-4A36-9CD9-BFC37ABB248A}.CD_ROM|Any CPU.Build.0 = Release|Any CPU
		{FFF5689B-F952-4A36-9CD9-BFC37ABB248A}.CD_ROM|x86.ActiveCfg = Debug|Any CPU
		{FFF5689B-F952-4A36-9CD9-BFC37ABB248A}.Debug|Any CPU.ActiveCfg = Debug|Any CPU
		{FFF5689B-F952-4A36-9CD9-BFC37ABB248A}.Debug|Any CPU.Build.0 = Debug|Any CPU
		{FFF5689B-F952-4A36-9CD9-BFC37ABB248A}.Debug|x86.ActiveCfg = Debug|Any CPU
		{FFF5689B-F952-4A36-9CD9-BFC37ABB248A}.DVD-5|Any CPU.ActiveCfg = Debug|Any CPU
		{FFF5689B-F952-4A36-9CD9-BFC37ABB248A}.DVD-5|Any CPU.Build.0 = Debug|Any CPU
		{FFF5689B-F952-4A36-9CD9-BFC37ABB248A}.DVD-5|x86.ActiveCfg = Debug|Any CPU
		{FFF5689B-F952-4A36-9CD9-BFC37ABB248A}.Release|Any CPU.ActiveCfg = Release|Any CPU
		{FFF5689B-F952-4A36-9CD9-BFC37ABB248A}.Release|Any CPU.Build.0 = Release|Any CPU
		{FFF5689B-F952-4A36-9CD9-BFC37ABB248A}.Release|x86.ActiveCfg = Release|Any CPU
		{FFF5689B-F952-4A36-9CD9-BFC37ABB248A}.SingleImage|Any CPU.ActiveCfg = Release|Any CPU
		{FFF5689B-F952-4A36-9CD9-BFC37ABB248A}.SingleImage|Any CPU.Build.0 = Release|Any CPU
		{FFF5689B-F952-4A36-9CD9-BFC37ABB248A}.SingleImage|x86.ActiveCfg = Debug|Any CPU
		{FFF5689B-F952-4A36-9CD9-BFC37ABB248A}.Test|Any CPU.ActiveCfg = Debug|Any CPU
		{FFF5689B-F952-4A36-9CD9-BFC37ABB248A}.Test|Any CPU.Build.0 = Debug|Any CPU
		{FFF5689B-F952-4A36-9CD9-BFC37ABB248A}.Test|x86.ActiveCfg = Debug|Any CPU
		{81BB0F1A-2B36-436E-B6E1-9EF6EFB204DC}.CD_ROM|Any CPU.ActiveCfg = Release|Any CPU
		{81BB0F1A-2B36-436E-B6E1-9EF6EFB204DC}.CD_ROM|Any CPU.Build.0 = Release|Any CPU
		{81BB0F1A-2B36-436E-B6E1-9EF6EFB204DC}.CD_ROM|x86.ActiveCfg = Debug|Any CPU
		{81BB0F1A-2B36-436E-B6E1-9EF6EFB204DC}.Debug|Any CPU.ActiveCfg = Debug|Any CPU
		{81BB0F1A-2B36-436E-B6E1-9EF6EFB204DC}.Debug|Any CPU.Build.0 = Debug|Any CPU
		{81BB0F1A-2B36-436E-B6E1-9EF6EFB204DC}.Debug|x86.ActiveCfg = Debug|Any CPU
		{81BB0F1A-2B36-436E-B6E1-9EF6EFB204DC}.DVD-5|Any CPU.ActiveCfg = Debug|Any CPU
		{81BB0F1A-2B36-436E-B6E1-9EF6EFB204DC}.DVD-5|Any CPU.Build.0 = Debug|Any CPU
		{81BB0F1A-2B36-436E-B6E1-9EF6EFB204DC}.DVD-5|x86.ActiveCfg = Debug|Any CPU
		{81BB0F1A-2B36-436E-B6E1-9EF6EFB204DC}.Release|Any CPU.ActiveCfg = Release|Any CPU
		{81BB0F1A-2B36-436E-B6E1-9EF6EFB204DC}.Release|Any CPU.Build.0 = Release|Any CPU
		{81BB0F1A-2B36-436E-B6E1-9EF6EFB204DC}.Release|x86.ActiveCfg = Release|Any CPU
		{81BB0F1A-2B36-436E-B6E1-9EF6EFB204DC}.SingleImage|Any CPU.ActiveCfg = Release|Any CPU
		{81BB0F1A-2B36-436E-B6E1-9EF6EFB204DC}.SingleImage|Any CPU.Build.0 = Release|Any CPU
		{81BB0F1A-2B36-436E-B6E1-9EF6EFB204DC}.SingleImage|x86.ActiveCfg = Debug|Any CPU
		{81BB0F1A-2B36-436E-B6E1-9EF6EFB204DC}.Test|Any CPU.ActiveCfg = Debug|Any CPU
		{81BB0F1A-2B36-436E-B6E1-9EF6EFB204DC}.Test|Any CPU.Build.0 = Debug|Any CPU
		{81BB0F1A-2B36-436E-B6E1-9EF6EFB204DC}.Test|x86.ActiveCfg = Debug|Any CPU
		{7CBDF2CF-A9D7-47A2-A822-21FA8C00B5DE}.CD_ROM|Any CPU.ActiveCfg = CD_ROM
		{7CBDF2CF-A9D7-47A2-A822-21FA8C00B5DE}.CD_ROM|Any CPU.Build.0 = CD_ROM
		{7CBDF2CF-A9D7-47A2-A822-21FA8C00B5DE}.CD_ROM|x86.ActiveCfg = CD_ROM
		{7CBDF2CF-A9D7-47A2-A822-21FA8C00B5DE}.Debug|Any CPU.ActiveCfg = DVD-5
		{7CBDF2CF-A9D7-47A2-A822-21FA8C00B5DE}.Debug|Any CPU.Build.0 = DVD-5
		{7CBDF2CF-A9D7-47A2-A822-21FA8C00B5DE}.Debug|x86.ActiveCfg = DVD-5
		{7CBDF2CF-A9D7-47A2-A822-21FA8C00B5DE}.DVD-5|Any CPU.ActiveCfg = DVD-5
		{7CBDF2CF-A9D7-47A2-A822-21FA8C00B5DE}.DVD-5|Any CPU.Build.0 = DVD-5
		{7CBDF2CF-A9D7-47A2-A822-21FA8C00B5DE}.DVD-5|x86.ActiveCfg = DVD-5
		{7CBDF2CF-A9D7-47A2-A822-21FA8C00B5DE}.Release|Any CPU.ActiveCfg = SingleImage
		{7CBDF2CF-A9D7-47A2-A822-21FA8C00B5DE}.Release|Any CPU.Build.0 = SingleImage
		{7CBDF2CF-A9D7-47A2-A822-21FA8C00B5DE}.Release|x86.ActiveCfg = SingleImage
		{7CBDF2CF-A9D7-47A2-A822-21FA8C00B5DE}.SingleImage|Any CPU.ActiveCfg = SingleImage
		{7CBDF2CF-A9D7-47A2-A822-21FA8C00B5DE}.SingleImage|Any CPU.Build.0 = SingleImage
		{7CBDF2CF-A9D7-47A2-A822-21FA8C00B5DE}.SingleImage|x86.ActiveCfg = SingleImage
		{7CBDF2CF-A9D7-47A2-A822-21FA8C00B5DE}.Test|Any CPU.ActiveCfg = SingleImage
		{7CBDF2CF-A9D7-47A2-A822-21FA8C00B5DE}.Test|x86.ActiveCfg = SingleImage
		{814092CD-9CD0-4FB7-91E8-D147F476F1FB}.CD_ROM|Any CPU.ActiveCfg = Release|Any CPU
		{814092CD-9CD0-4FB7-91E8-D147F476F1FB}.CD_ROM|Any CPU.Build.0 = Release|Any CPU
		{814092CD-9CD0-4FB7-91E8-D147F476F1FB}.CD_ROM|x86.ActiveCfg = Release|x86
		{814092CD-9CD0-4FB7-91E8-D147F476F1FB}.CD_ROM|x86.Build.0 = Release|x86
		{814092CD-9CD0-4FB7-91E8-D147F476F1FB}.Debug|Any CPU.ActiveCfg = Debug|Any CPU
		{814092CD-9CD0-4FB7-91E8-D147F476F1FB}.Debug|Any CPU.Build.0 = Debug|Any CPU
		{814092CD-9CD0-4FB7-91E8-D147F476F1FB}.Debug|x86.ActiveCfg = Debug|x86
		{814092CD-9CD0-4FB7-91E8-D147F476F1FB}.Debug|x86.Build.0 = Debug|x86
		{814092CD-9CD0-4FB7-91E8-D147F476F1FB}.DVD-5|Any CPU.ActiveCfg = Debug|Any CPU
		{814092CD-9CD0-4FB7-91E8-D147F476F1FB}.DVD-5|Any CPU.Build.0 = Debug|Any CPU
		{814092CD-9CD0-4FB7-91E8-D147F476F1FB}.DVD-5|x86.ActiveCfg = Debug|x86
		{814092CD-9CD0-4FB7-91E8-D147F476F1FB}.DVD-5|x86.Build.0 = Debug|x86
		{814092CD-9CD0-4FB7-91E8-D147F476F1FB}.Release|Any CPU.ActiveCfg = Release|Any CPU
		{814092CD-9CD0-4FB7-91E8-D147F476F1FB}.Release|Any CPU.Build.0 = Release|Any CPU
		{814092CD-9CD0-4FB7-91E8-D147F476F1FB}.Release|x86.ActiveCfg = Release|x86
		{814092CD-9CD0-4FB7-91E8-D147F476F1FB}.Release|x86.Build.0 = Release|x86
		{814092CD-9CD0-4FB7-91E8-D147F476F1FB}.SingleImage|Any CPU.ActiveCfg = Release|Any CPU
		{814092CD-9CD0-4FB7-91E8-D147F476F1FB}.SingleImage|Any CPU.Build.0 = Release|Any CPU
		{814092CD-9CD0-4FB7-91E8-D147F476F1FB}.SingleImage|x86.ActiveCfg = Release|x86
		{814092CD-9CD0-4FB7-91E8-D147F476F1FB}.SingleImage|x86.Build.0 = Release|x86
		{814092CD-9CD0-4FB7-91E8-D147F476F1FB}.Test|Any CPU.ActiveCfg = Release|Any CPU
		{814092CD-9CD0-4FB7-91E8-D147F476F1FB}.Test|Any CPU.Build.0 = Release|Any CPU
		{814092CD-9CD0-4FB7-91E8-D147F476F1FB}.Test|x86.ActiveCfg = Release|x86
		{814092CD-9CD0-4FB7-91E8-D147F476F1FB}.Test|x86.Build.0 = Release|x86
		{1D815FBF-451C-4E23-939C-CB80172F445C}.CD_ROM|Any CPU.ActiveCfg = Test|Any CPU
		{1D815FBF-451C-4E23-939C-CB80172F445C}.CD_ROM|Any CPU.Build.0 = Test|Any CPU
		{1D815FBF-451C-4E23-939C-CB80172F445C}.CD_ROM|x86.ActiveCfg = Test|x86
		{1D815FBF-451C-4E23-939C-CB80172F445C}.CD_ROM|x86.Build.0 = Test|x86
		{1D815FBF-451C-4E23-939C-CB80172F445C}.Debug|Any CPU.ActiveCfg = Debug|Any CPU
		{1D815FBF-451C-4E23-939C-CB80172F445C}.Debug|Any CPU.Build.0 = Debug|Any CPU
		{1D815FBF-451C-4E23-939C-CB80172F445C}.Debug|x86.ActiveCfg = Debug|x86
		{1D815FBF-451C-4E23-939C-CB80172F445C}.Debug|x86.Build.0 = Debug|x86
		{1D815FBF-451C-4E23-939C-CB80172F445C}.DVD-5|Any CPU.ActiveCfg = Debug|Any CPU
		{1D815FBF-451C-4E23-939C-CB80172F445C}.DVD-5|Any CPU.Build.0 = Debug|Any CPU
		{1D815FBF-451C-4E23-939C-CB80172F445C}.DVD-5|x86.ActiveCfg = Debug|x86
		{1D815FBF-451C-4E23-939C-CB80172F445C}.DVD-5|x86.Build.0 = Debug|x86
		{1D815FBF-451C-4E23-939C-CB80172F445C}.Release|Any CPU.ActiveCfg = Release|Any CPU
		{1D815FBF-451C-4E23-939C-CB80172F445C}.Release|Any CPU.Build.0 = Release|Any CPU
		{1D815FBF-451C-4E23-939C-CB80172F445C}.Release|x86.ActiveCfg = Release|x86
		{1D815FBF-451C-4E23-939C-CB80172F445C}.Release|x86.Build.0 = Release|x86
		{1D815FBF-451C-4E23-939C-CB80172F445C}.SingleImage|Any CPU.ActiveCfg = Test|Any CPU
		{1D815FBF-451C-4E23-939C-CB80172F445C}.SingleImage|Any CPU.Build.0 = Test|Any CPU
		{1D815FBF-451C-4E23-939C-CB80172F445C}.SingleImage|x86.ActiveCfg = Test|x86
		{1D815FBF-451C-4E23-939C-CB80172F445C}.SingleImage|x86.Build.0 = Test|x86
		{1D815FBF-451C-4E23-939C-CB80172F445C}.Test|Any CPU.ActiveCfg = Test|Any CPU
		{1D815FBF-451C-4E23-939C-CB80172F445C}.Test|Any CPU.Build.0 = Test|Any CPU
		{1D815FBF-451C-4E23-939C-CB80172F445C}.Test|x86.ActiveCfg = Test|x86
		{1D815FBF-451C-4E23-939C-CB80172F445C}.Test|x86.Build.0 = Test|x86
		{54732C3D-B673-4BBF-B0C3-6432E3D6F522}.CD_ROM|Any CPU.ActiveCfg = Release|Any CPU
		{54732C3D-B673-4BBF-B0C3-6432E3D6F522}.CD_ROM|Any CPU.Build.0 = Release|Any CPU
		{54732C3D-B673-4BBF-B0C3-6432E3D6F522}.CD_ROM|x86.ActiveCfg = Release|x86
		{54732C3D-B673-4BBF-B0C3-6432E3D6F522}.CD_ROM|x86.Build.0 = Release|x86
		{54732C3D-B673-4BBF-B0C3-6432E3D6F522}.Debug|Any CPU.ActiveCfg = Debug|Any CPU
		{54732C3D-B673-4BBF-B0C3-6432E3D6F522}.Debug|Any CPU.Build.0 = Debug|Any CPU
		{54732C3D-B673-4BBF-B0C3-6432E3D6F522}.Debug|x86.ActiveCfg = Debug|x86
		{54732C3D-B673-4BBF-B0C3-6432E3D6F522}.Debug|x86.Build.0 = Debug|x86
		{54732C3D-B673-4BBF-B0C3-6432E3D6F522}.DVD-5|Any CPU.ActiveCfg = Debug|Any CPU
		{54732C3D-B673-4BBF-B0C3-6432E3D6F522}.DVD-5|Any CPU.Build.0 = Debug|Any CPU
		{54732C3D-B673-4BBF-B0C3-6432E3D6F522}.DVD-5|x86.ActiveCfg = Debug|x86
		{54732C3D-B673-4BBF-B0C3-6432E3D6F522}.DVD-5|x86.Build.0 = Debug|x86
		{54732C3D-B673-4BBF-B0C3-6432E3D6F522}.Release|Any CPU.ActiveCfg = Release|Any CPU
		{54732C3D-B673-4BBF-B0C3-6432E3D6F522}.Release|Any CPU.Build.0 = Release|Any CPU
		{54732C3D-B673-4BBF-B0C3-6432E3D6F522}.Release|x86.ActiveCfg = Release|x86
		{54732C3D-B673-4BBF-B0C3-6432E3D6F522}.Release|x86.Build.0 = Release|x86
		{54732C3D-B673-4BBF-B0C3-6432E3D6F522}.SingleImage|Any CPU.ActiveCfg = Release|Any CPU
		{54732C3D-B673-4BBF-B0C3-6432E3D6F522}.SingleImage|Any CPU.Build.0 = Release|Any CPU
		{54732C3D-B673-4BBF-B0C3-6432E3D6F522}.SingleImage|x86.ActiveCfg = Release|x86
		{54732C3D-B673-4BBF-B0C3-6432E3D6F522}.SingleImage|x86.Build.0 = Release|x86
		{54732C3D-B673-4BBF-B0C3-6432E3D6F522}.Test|Any CPU.ActiveCfg = Release|Any CPU
		{54732C3D-B673-4BBF-B0C3-6432E3D6F522}.Test|Any CPU.Build.0 = Release|Any CPU
		{54732C3D-B673-4BBF-B0C3-6432E3D6F522}.Test|x86.ActiveCfg = Release|x86
		{54732C3D-B673-4BBF-B0C3-6432E3D6F522}.Test|x86.Build.0 = Release|x86
		{2CA35598-F1A1-4DC9-AA20-A4346BFCB954}.CD_ROM|Any CPU.ActiveCfg = Release|Any CPU
		{2CA35598-F1A1-4DC9-AA20-A4346BFCB954}.CD_ROM|Any CPU.Build.0 = Release|Any CPU
		{2CA35598-F1A1-4DC9-AA20-A4346BFCB954}.CD_ROM|x86.ActiveCfg = Release|x86
		{2CA35598-F1A1-4DC9-AA20-A4346BFCB954}.CD_ROM|x86.Build.0 = Release|x86
		{2CA35598-F1A1-4DC9-AA20-A4346BFCB954}.Debug|Any CPU.ActiveCfg = Debug|Any CPU
		{2CA35598-F1A1-4DC9-AA20-A4346BFCB954}.Debug|Any CPU.Build.0 = Debug|Any CPU
		{2CA35598-F1A1-4DC9-AA20-A4346BFCB954}.Debug|x86.ActiveCfg = Debug|x86
		{2CA35598-F1A1-4DC9-AA20-A4346BFCB954}.Debug|x86.Build.0 = Debug|x86
		{2CA35598-F1A1-4DC9-AA20-A4346BFCB954}.DVD-5|Any CPU.ActiveCfg = Debug|Any CPU
		{2CA35598-F1A1-4DC9-AA20-A4346BFCB954}.DVD-5|Any CPU.Build.0 = Debug|Any CPU
		{2CA35598-F1A1-4DC9-AA20-A4346BFCB954}.DVD-5|x86.ActiveCfg = Debug|x86
		{2CA35598-F1A1-4DC9-AA20-A4346BFCB954}.DVD-5|x86.Build.0 = Debug|x86
		{2CA35598-F1A1-4DC9-AA20-A4346BFCB954}.Release|Any CPU.ActiveCfg = Release|Any CPU
		{2CA35598-F1A1-4DC9-AA20-A4346BFCB954}.Release|Any CPU.Build.0 = Release|Any CPU
		{2CA35598-F1A1-4DC9-AA20-A4346BFCB954}.Release|x86.ActiveCfg = Release|x86
		{2CA35598-F1A1-4DC9-AA20-A4346BFCB954}.Release|x86.Build.0 = Release|x86
		{2CA35598-F1A1-4DC9-AA20-A4346BFCB954}.SingleImage|Any CPU.ActiveCfg = Release|Any CPU
		{2CA35598-F1A1-4DC9-AA20-A4346BFCB954}.SingleImage|Any CPU.Build.0 = Release|Any CPU
		{2CA35598-F1A1-4DC9-AA20-A4346BFCB954}.SingleImage|x86.ActiveCfg = Release|x86
		{2CA35598-F1A1-4DC9-AA20-A4346BFCB954}.SingleImage|x86.Build.0 = Release|x86
		{2CA35598-F1A1-4DC9-AA20-A4346BFCB954}.Test|Any CPU.ActiveCfg = Release|Any CPU
		{2CA35598-F1A1-4DC9-AA20-A4346BFCB954}.Test|Any CPU.Build.0 = Release|Any CPU
		{2CA35598-F1A1-4DC9-AA20-A4346BFCB954}.Test|x86.ActiveCfg = Release|x86
		{2CA35598-F1A1-4DC9-AA20-A4346BFCB954}.Test|x86.Build.0 = Release|x86
		{CCD291E9-16FA-4B53-B032-EBD3F659567B}.CD_ROM|Any CPU.ActiveCfg = Release|Any CPU
		{CCD291E9-16FA-4B53-B032-EBD3F659567B}.CD_ROM|Any CPU.Build.0 = Release|Any CPU
		{CCD291E9-16FA-4B53-B032-EBD3F659567B}.CD_ROM|x86.ActiveCfg = Release|x86
		{CCD291E9-16FA-4B53-B032-EBD3F659567B}.CD_ROM|x86.Build.0 = Release|x86
		{CCD291E9-16FA-4B53-B032-EBD3F659567B}.Debug|Any CPU.ActiveCfg = Debug|Any CPU
		{CCD291E9-16FA-4B53-B032-EBD3F659567B}.Debug|Any CPU.Build.0 = Debug|Any CPU
		{CCD291E9-16FA-4B53-B032-EBD3F659567B}.Debug|x86.ActiveCfg = Debug|x86
		{CCD291E9-16FA-4B53-B032-EBD3F659567B}.Debug|x86.Build.0 = Debug|x86
		{CCD291E9-16FA-4B53-B032-EBD3F659567B}.DVD-5|Any CPU.ActiveCfg = Debug|Any CPU
		{CCD291E9-16FA-4B53-B032-EBD3F659567B}.DVD-5|Any CPU.Build.0 = Debug|Any CPU
		{CCD291E9-16FA-4B53-B032-EBD3F659567B}.DVD-5|x86.ActiveCfg = Debug|x86
		{CCD291E9-16FA-4B53-B032-EBD3F659567B}.DVD-5|x86.Build.0 = Debug|x86
		{CCD291E9-16FA-4B53-B032-EBD3F659567B}.Release|Any CPU.ActiveCfg = Release|Any CPU
		{CCD291E9-16FA-4B53-B032-EBD3F659567B}.Release|Any CPU.Build.0 = Release|Any CPU
		{CCD291E9-16FA-4B53-B032-EBD3F659567B}.Release|x86.ActiveCfg = Release|x86
		{CCD291E9-16FA-4B53-B032-EBD3F659567B}.Release|x86.Build.0 = Release|x86
		{CCD291E9-16FA-4B53-B032-EBD3F659567B}.SingleImage|Any CPU.ActiveCfg = Release|Any CPU
		{CCD291E9-16FA-4B53-B032-EBD3F659567B}.SingleImage|Any CPU.Build.0 = Release|Any CPU
		{CCD291E9-16FA-4B53-B032-EBD3F659567B}.SingleImage|x86.ActiveCfg = Release|x86
		{CCD291E9-16FA-4B53-B032-EBD3F659567B}.SingleImage|x86.Build.0 = Release|x86
		{CCD291E9-16FA-4B53-B032-EBD3F659567B}.Test|Any CPU.ActiveCfg = Release|Any CPU
		{CCD291E9-16FA-4B53-B032-EBD3F659567B}.Test|Any CPU.Build.0 = Release|Any CPU
		{CCD291E9-16FA-4B53-B032-EBD3F659567B}.Test|x86.ActiveCfg = Release|x86
		{CCD291E9-16FA-4B53-B032-EBD3F659567B}.Test|x86.Build.0 = Release|x86
		{25AF5FBD-D91A-4470-83F8-F67767D1EAD3}.CD_ROM|Any CPU.ActiveCfg = Release|Any CPU
		{25AF5FBD-D91A-4470-83F8-F67767D1EAD3}.CD_ROM|Any CPU.Build.0 = Release|Any CPU
		{25AF5FBD-D91A-4470-83F8-F67767D1EAD3}.CD_ROM|x86.ActiveCfg = Release|Any CPU
		{25AF5FBD-D91A-4470-83F8-F67767D1EAD3}.CD_ROM|x86.Build.0 = Release|Any CPU
		{25AF5FBD-D91A-4470-83F8-F67767D1EAD3}.Debug|Any CPU.ActiveCfg = Debug|Any CPU
		{25AF5FBD-D91A-4470-83F8-F67767D1EAD3}.Debug|Any CPU.Build.0 = Debug|Any CPU
		{25AF5FBD-D91A-4470-83F8-F67767D1EAD3}.Debug|x86.ActiveCfg = Debug|Any CPU
		{25AF5FBD-D91A-4470-83F8-F67767D1EAD3}.Debug|x86.Build.0 = Debug|Any CPU
		{25AF5FBD-D91A-4470-83F8-F67767D1EAD3}.DVD-5|Any CPU.ActiveCfg = Debug|Any CPU
		{25AF5FBD-D91A-4470-83F8-F67767D1EAD3}.DVD-5|Any CPU.Build.0 = Debug|Any CPU
		{25AF5FBD-D91A-4470-83F8-F67767D1EAD3}.DVD-5|x86.ActiveCfg = Debug|Any CPU
		{25AF5FBD-D91A-4470-83F8-F67767D1EAD3}.DVD-5|x86.Build.0 = Debug|Any CPU
		{25AF5FBD-D91A-4470-83F8-F67767D1EAD3}.Release|Any CPU.ActiveCfg = Release|Any CPU
		{25AF5FBD-D91A-4470-83F8-F67767D1EAD3}.Release|Any CPU.Build.0 = Release|Any CPU
		{25AF5FBD-D91A-4470-83F8-F67767D1EAD3}.Release|x86.ActiveCfg = Release|Any CPU
		{25AF5FBD-D91A-4470-83F8-F67767D1EAD3}.Release|x86.Build.0 = Release|Any CPU
		{25AF5FBD-D91A-4470-83F8-F67767D1EAD3}.SingleImage|Any CPU.ActiveCfg = Release|Any CPU
		{25AF5FBD-D91A-4470-83F8-F67767D1EAD3}.SingleImage|Any CPU.Build.0 = Release|Any CPU
		{25AF5FBD-D91A-4470-83F8-F67767D1EAD3}.SingleImage|x86.ActiveCfg = Release|Any CPU
		{25AF5FBD-D91A-4470-83F8-F67767D1EAD3}.SingleImage|x86.Build.0 = Release|Any CPU
		{25AF5FBD-D91A-4470-83F8-F67767D1EAD3}.Test|Any CPU.ActiveCfg = Release|Any CPU
		{25AF5FBD-D91A-4470-83F8-F67767D1EAD3}.Test|Any CPU.Build.0 = Release|Any CPU
		{25AF5FBD-D91A-4470-83F8-F67767D1EAD3}.Test|x86.ActiveCfg = Release|Any CPU
		{25AF5FBD-D91A-4470-83F8-F67767D1EAD3}.Test|x86.Build.0 = Release|Any CPU
	EndGlobalSection
	GlobalSection(SolutionProperties) = preSolution
		HideSolutionNode = FALSE
	EndGlobalSection
	GlobalSection(ExtensibilityGlobals) = postSolution
		SolutionGuid = {8FDE9966-5E9E-456D-A9B2-E3A284F5BD7E}
	EndGlobalSection
EndGlobal
